
Microsoft Visual Studio Solution File, Format Version 12.00
# Visual Studio Version 16
VisualStudioVersion = 16.0.30011.22
MinimumVisualStudioVersion = 10.0.40219.1
Project("{FAE04EC0-301F-11D3-BF4B-00C04F79EFBC}") = "Esercizio finale WPF F.P", "Esercizio finale WPF F.P.\Esercizio finale WPF F.P.csproj", "{12404D38-7ACD-4D1A-A5E3-0C679DAA48A2}"
EndProject
Global
	GlobalSection(SolutionConfigurationPlatforms) = preSolution
		Debug|Any CPU = Debug|Any CPU
		Release|Any CPU = Release|Any CPU
	EndGlobalSection
	GlobalSection(ProjectConfigurationPlatforms) = postSolution
		{12404D38-7ACD-4D1A-A5E3-0C679DAA48A2}.Debug|Any CPU.ActiveCfg = Debug|Any CPU
		{12404D38-7ACD-4D1A-A5E3-0C679DAA48A2}.Debug|Any CPU.Build.0 = Debug|Any CPU
		{12404D38-7ACD-4D1A-A5E3-0C679DAA48A2}.Release|Any CPU.ActiveCfg = Release|Any CPU
		{12404D38-7ACD-4D1A-A5E3-0C679DAA48A2}.Release|Any CPU.Build.0 = Release|Any CPU
	EndGlobalSection
	GlobalSection(SolutionProperties) = preSolution
		HideSolutionNode = FALSE
	EndGlobalSection
	GlobalSection(ExtensibilityGlobals) = postSolution
		SolutionGuid = {B021D1C9-DC7D-4592-85E5-D4FB71D21ED9}
	EndGlobalSection
EndGlobal
