
Microsoft Visual Studio Solution File, Format Version 12.00
# Visual Studio Version 16
VisualStudioVersion = 16.0.29806.167
MinimumVisualStudioVersion = 10.0.40219.1
Project("{FAE04EC0-301F-11D3-BF4B-00C04F79EFBC}") = "Progetto TRIS WPF", "Progetto TRIS WPF\Progetto TRIS WPF.csproj", "{45F6A081-8679-4C48-B8C4-D2932440088B}"
EndProject
Global
	GlobalSection(SolutionConfigurationPlatforms) = preSolution
		Debug|Any CPU = Debug|Any CPU
		Release|Any CPU = Release|Any CPU
	EndGlobalSection
	GlobalSection(ProjectConfigurationPlatforms) = postSolution
		{45F6A081-8679-4C48-B8C4-D2932440088B}.Debug|Any CPU.ActiveCfg = Debug|Any CPU
		{45F6A081-8679-4C48-B8C4-D2932440088B}.Debug|Any CPU.Build.0 = Debug|Any CPU
		{45F6A081-8679-4C48-B8C4-D2932440088B}.Release|Any CPU.ActiveCfg = Release|Any CPU
		{45F6A081-8679-4C48-B8C4-D2932440088B}.Release|Any CPU.Build.0 = Release|Any CPU
	EndGlobalSection
	GlobalSection(SolutionProperties) = preSolution
		HideSolutionNode = FALSE
	EndGlobalSection
	GlobalSection(ExtensibilityGlobals) = postSolution
		SolutionGuid = {4DE1D074-419A-47DC-8EAA-6134471A8F51}
	EndGlobalSection
EndGlobal
